
Microsoft Visual Studio Solution File, Format Version 12.00
Project("{FAE04EC0-301F-11D3-BF4B-00C04F79EFBC}") = "CSZeroMQ", "CSZeroMQ\CSZeroMQ.csproj", "{8AF25931-AD99-4F75-9796-D7BBD19E25BC}"
EndProject
Project("{FAE04EC0-301F-11D3-BF4B-00C04F79EFBC}") = "CSZeroMQSubscriber", "CSZeroMQSubscriber\CSZeroMQSubscriber.csproj", "{47BED99C-53C7-4ABE-8654-692916F13696}"
EndProject
Project("{FAE04EC0-301F-11D3-BF4B-00C04F79EFBC}") = "CSZeroMQPublisher", "CSZeroMQPublisher\CSZeroMQPublisher.csproj", "{68053A27-C5D0-4CC7-9693-9B27F710A4DC}"
EndProject
Global
	GlobalSection(SolutionConfigurationPlatforms) = preSolution
		Debug|Any CPU = Debug|Any CPU
		Release|Any CPU = Release|Any CPU
	EndGlobalSection
	GlobalSection(ProjectConfigurationPlatforms) = postSolution
		{8AF25931-AD99-4F75-9796-D7BBD19E25BC}.Debug|Any CPU.ActiveCfg = Debug|Any CPU
		{8AF25931-AD99-4F75-9796-D7BBD19E25BC}.Debug|Any CPU.Build.0 = Debug|Any CPU
		{8AF25931-AD99-4F75-9796-D7BBD19E25BC}.Release|Any CPU.ActiveCfg = Release|Any CPU
		{8AF25931-AD99-4F75-9796-D7BBD19E25BC}.Release|Any CPU.Build.0 = Release|Any CPU
		{47BED99C-53C7-4ABE-8654-692916F13696}.Debug|Any CPU.ActiveCfg = Debug|Any CPU
		{47BED99C-53C7-4ABE-8654-692916F13696}.Debug|Any CPU.Build.0 = Debug|Any CPU
		{47BED99C-53C7-4ABE-8654-692916F13696}.Release|Any CPU.ActiveCfg = Release|Any CPU
		{47BED99C-53C7-4ABE-8654-692916F13696}.Release|Any CPU.Build.0 = Release|Any CPU
		{68053A27-C5D0-4CC7-9693-9B27F710A4DC}.Debug|Any CPU.ActiveCfg = Debug|Any CPU
		{68053A27-C5D0-4CC7-9693-9B27F710A4DC}.Debug|Any CPU.Build.0 = Debug|Any CPU
		{68053A27-C5D0-4CC7-9693-9B27F710A4DC}.Release|Any CPU.ActiveCfg = Release|Any CPU
		{68053A27-C5D0-4CC7-9693-9B27F710A4DC}.Release|Any CPU.Build.0 = Release|Any CPU
	EndGlobalSection
EndGlobal
